{
  "requires": true,
  "lockfileVersion": 1,
  "dependencies": {
    "@mpkit/func-helper": {
      "version": "1.1.2",
      "resolved": "https://registry.npmjs.org/@mpkit/func-helper/-/func-helper-1.1.2.tgz",
      "integrity": "sha512-Vr36GVy5YrZnRKe7QvGGN4yzlUaPTtEwPrWxr65FDIvbQc8LXG9jd1L0IN9pmAdH1pJlxJTO5KZ33fE7aMC4/g==",
      "requires": {
        "@mpkit/types": "^1.1.2"
      }
    },
    "@mpkit/types": {
      "version": "1.1.2",
      "resolved": "https://registry.npmjs.org/@mpkit/types/-/types-1.1.2.tgz",
      "integrity": "sha512-KBMrdOMNFKUUrZK5XNVNrp/GEaxr6HOC4ydHK9r/BlSMqhF4JvJ9eaxD26hhCmlHg3YDJbPmX207/8yCqukd5w=="
    },
    "@mpkit/util": {
      "version": "1.1.2",
      "resolved": "https://registry.npmjs.org/@mpkit/util/-/util-1.1.2.tgz",
      "integrity": "sha512-JXH9hHoiZvomHFygNKZGelE156sUtR7KFgg6sqFsU/zGFbrx84LV3fCVUBg5y/RrmOpCdeDm5WpmwHiTs2ruxQ==",
      "requires": {
        "@mpkit/types": "^1.1.2"
      }
    },
    "weconsole": {
      "version": "1.0.8",
      "resolved": "https://registry.npmjs.org/weconsole/-/weconsole-1.0.8.tgz",
      "integrity": "sha512-yKOW2M7ZiKJ0W1qzYFpb5jGpR4xPM1aPST99tOPIV5S3TlaVVGTCLSG5Be3mJY6D7NszObyk/J8Z4QCirVipQA==",
      "requires": {
        "@mpkit/func-helper": "^1.1.2",
        "@mpkit/types": "^1.1.2",
        "@mpkit/util": "^1.1.2"
      }
    }
  }
}
